
Microsoft Visual Studio Solution File, Format Version 12.00
# Visual Studio 15
VisualStudioVersion = 15.0.27130.2036
MinimumVisualStudioVersion = 10.0.40219.1
Project("{9A19103F-16F7-4668-BE54-9A1E7A4F7556}") = "MTGAConstructedInfo", "MTGAConstructedInfo\MTGAConstructedInfo.csproj", "{9F61432C-06AD-4FFF-8ECA-15CB864FD349}"
EndProject
Project("{2150E333-8FDC-42A3-9474-1A3956D46DE8}") = "Solution Items", "Solution Items", "{77F09055-3150-4A5D-BA1A-AD0D0AAE57F9}"
	ProjectSection(SolutionItems) = preProject
		.gitignore = .gitignore
		LICENSE.txt = LICENSE.txt
		README.md = README.md
	EndProjectSection
EndProject
Project("{2150E333-8FDC-42A3-9474-1A3956D46DE8}") = "images", "images", "{8CACFA27-8DDD-4566-AED6-CD691254F97B}"
	ProjectSection(SolutionItems) = preProject
		..\..\..\Desktop\MTGAConstructedInfoExample.png = ..\..\..\Desktop\MTGAConstructedInfoExample.png
	EndProjectSection
EndProject
Global
	GlobalSection(SolutionConfigurationPlatforms) = preSolution
		Debug|Any CPU = Debug|Any CPU
		Release|Any CPU = Release|Any CPU
	EndGlobalSection
	GlobalSection(ProjectConfigurationPlatforms) = postSolution
		{9F61432C-06AD-4FFF-8ECA-15CB864FD349}.Debug|Any CPU.ActiveCfg = Debug|Any CPU
		{9F61432C-06AD-4FFF-8ECA-15CB864FD349}.Debug|Any CPU.Build.0 = Debug|Any CPU
		{9F61432C-06AD-4FFF-8ECA-15CB864FD349}.Release|Any CPU.ActiveCfg = Release|Any CPU
		{9F61432C-06AD-4FFF-8ECA-15CB864FD349}.Release|Any CPU.Build.0 = Release|Any CPU
	EndGlobalSection
	GlobalSection(SolutionProperties) = preSolution
		HideSolutionNode = FALSE
	EndGlobalSection
	GlobalSection(ExtensibilityGlobals) = postSolution
		SolutionGuid = {2848FC1D-35DC-4CAD-98A7-4107D4535268}
	EndGlobalSection
EndGlobal
